
Microsoft Visual Studio Solution File, Format Version 12.00
# Visual Studio 2013
VisualStudioVersion = 12.0.21005.1
MinimumVisualStudioVersion = 10.0.40219.1
Project("{FAE04EC0-301F-11D3-BF4B-00C04F79EFBC}") = "ReleaseProject", "ReleaseProject\ReleaseProject.csproj", "{B873D5EE-C68D-4558-AAEE-C52572F0FAE9}"
EndProject
Global
	GlobalSection(SolutionConfigurationPlatforms) = preSolution
		Debug|Any CPU = Debug|Any CPU
		Release|Any CPU = Release|Any CPU
	EndGlobalSection
	GlobalSection(ProjectConfigurationPlatforms) = postSolution
		{B873D5EE-C68D-4558-AAEE-C52572F0FAE9}.Debug|Any CPU.ActiveCfg = Debug|Any CPU
		{B873D5EE-C68D-4558-AAEE-C52572F0FAE9}.Debug|Any CPU.Build.0 = Debug|Any CPU
		{B873D5EE-C68D-4558-AAEE-C52572F0FAE9}.Release|Any CPU.ActiveCfg = Release|Any CPU
		{B873D5EE-C68D-4558-AAEE-C52572F0FAE9}.Release|Any CPU.Build.0 = Release|Any CPU
	EndGlobalSection
	GlobalSection(SolutionProperties) = preSolution
		HideSolutionNode = FALSE
	EndGlobalSection
EndGlobal
